
Microsoft Visual Studio Solution File, Format Version 12.00
# Visual Studio Version 16
VisualStudioVersion = 16.0.31515.178
MinimumVisualStudioVersion = 10.0.40219.1
Project("{FAE04EC0-301F-11D3-BF4B-00C04F79EFBC}") = "discountapi", "discountapi.csproj", "{908E6C26-F2A2-444E-98CE-11A20CAA9810}"
EndProject
Project("{E53339B2-1760-4266-BCC7-CA923CBCF16C}") = "docker-compose", "docker-compose.dcproj", "{1AE35368-E24C-4918-BB8A-2176D57526EA}"
EndProject
Global
	GlobalSection(SolutionConfigurationPlatforms) = preSolution
		Debug|Any CPU = Debug|Any CPU
		Release|Any CPU = Release|Any CPU
	EndGlobalSection
	GlobalSection(ProjectConfigurationPlatforms) = postSolution
		{908E6C26-F2A2-444E-98CE-11A20CAA9810}.Debug|Any CPU.ActiveCfg = Debug|Any CPU
		{908E6C26-F2A2-444E-98CE-11A20CAA9810}.Debug|Any CPU.Build.0 = Debug|Any CPU
		{908E6C26-F2A2-444E-98CE-11A20CAA9810}.Release|Any CPU.ActiveCfg = Release|Any CPU
		{908E6C26-F2A2-444E-98CE-11A20CAA9810}.Release|Any CPU.Build.0 = Release|Any CPU
		{1AE35368-E24C-4918-BB8A-2176D57526EA}.Debug|Any CPU.ActiveCfg = Debug|Any CPU
		{1AE35368-E24C-4918-BB8A-2176D57526EA}.Debug|Any CPU.Build.0 = Debug|Any CPU
		{1AE35368-E24C-4918-BB8A-2176D57526EA}.Release|Any CPU.ActiveCfg = Release|Any CPU
		{1AE35368-E24C-4918-BB8A-2176D57526EA}.Release|Any CPU.Build.0 = Release|Any CPU
	EndGlobalSection
	GlobalSection(SolutionProperties) = preSolution
		HideSolutionNode = FALSE
	EndGlobalSection
	GlobalSection(ExtensibilityGlobals) = postSolution
		SolutionGuid = {96BACE5C-22EE-4839-89C6-58C640B55E8E}
	EndGlobalSection
EndGlobal
